
Microsoft Visual Studio Solution File, Format Version 12.00
# Visual Studio Version 17
VisualStudioVersion = 17.8.34316.72
MinimumVisualStudioVersion = 10.0.40219.1
Project("{8BC9CEB8-8B4A-11D0-8D11-00A0C91BC942}") = "让数组中最后一个数+1", "让数组中最后一个数+1\让数组中最后一个数+1.vcxproj", "{0A51F6D4-FC59-40C0-BD34-1DA6B71F55BB}"
EndProject
Global
	GlobalSection(SolutionConfigurationPlatforms) = preSolution
		Debug|x64 = Debug|x64
		Debug|x86 = Debug|x86
		Release|x64 = Release|x64
		Release|x86 = Release|x86
	EndGlobalSection
	GlobalSection(ProjectConfigurationPlatforms) = postSolution
		{0A51F6D4-FC59-40C0-BD34-1DA6B71F55BB}.Debug|x64.ActiveCfg = Debug|x64
		{0A51F6D4-FC59-40C0-BD34-1DA6B71F55BB}.Debug|x64.Build.0 = Debug|x64
		{0A51F6D4-FC59-40C0-BD34-1DA6B71F55BB}.Debug|x86.ActiveCfg = Debug|Win32
		{0A51F6D4-FC59-40C0-BD34-1DA6B71F55BB}.Debug|x86.Build.0 = Debug|Win32
		{0A51F6D4-FC59-40C0-BD34-1DA6B71F55BB}.Release|x64.ActiveCfg = Release|x64
		{0A51F6D4-FC59-40C0-BD34-1DA6B71F55BB}.Release|x64.Build.0 = Release|x64
		{0A51F6D4-FC59-40C0-BD34-1DA6B71F55BB}.Release|x86.ActiveCfg = Release|Win32
		{0A51F6D4-FC59-40C0-BD34-1DA6B71F55BB}.Release|x86.Build.0 = Release|Win32
	EndGlobalSection
	GlobalSection(SolutionProperties) = preSolution
		HideSolutionNode = FALSE
	EndGlobalSection
	GlobalSection(ExtensibilityGlobals) = postSolution
		SolutionGuid = {D0AC7BB7-3D4A-460A-A7BB-209294662720}
	EndGlobalSection
EndGlobal
